
Microsoft Visual Studio Solution File, Format Version 12.00
# Visual Studio Version 17
VisualStudioVersion = 17.11.35431.28
MinimumVisualStudioVersion = 10.0.40219.1
Project("{FAE04EC0-301F-11D3-BF4B-00C04F79EFBC}") = "BMIApp", "BMIApp\BMIApp.csproj", "{C5C08072-D306-4EBE-9E40-F10583ED9E01}"
EndProject
Global
	GlobalSection(SolutionConfigurationPlatforms) = preSolution
		Debug|Any CPU = Debug|Any CPU
		Release|Any CPU = Release|Any CPU
	EndGlobalSection
	GlobalSection(ProjectConfigurationPlatforms) = postSolution
		{C5C08072-D306-4EBE-9E40-F10583ED9E01}.Debug|Any CPU.ActiveCfg = Debug|Any CPU
		{C5C08072-D306-4EBE-9E40-F10583ED9E01}.Debug|Any CPU.Build.0 = Debug|Any CPU
		{C5C08072-D306-4EBE-9E40-F10583ED9E01}.Release|Any CPU.ActiveCfg = Release|Any CPU
		{C5C08072-D306-4EBE-9E40-F10583ED9E01}.Release|Any CPU.Build.0 = Release|Any CPU
	EndGlobalSection
	GlobalSection(SolutionProperties) = preSolution
		HideSolutionNode = FALSE
	EndGlobalSection
	GlobalSection(ExtensibilityGlobals) = postSolution
		SolutionGuid = {74444A73-B929-4FEA-9E48-767E6226AAAE}
	EndGlobalSection
EndGlobal
